
Microsoft Visual Studio Solution File, Format Version 12.00
# Visual Studio Version 17
VisualStudioVersion = 17.3.32922.545
MinimumVisualStudioVersion = 10.0.40219.1
Project("{FAE04EC0-301F-11D3-BF4B-00C04F79EFBC}") = "PersonalSite.UI.MVC", "PersonalSite.UI.MVC\PersonalSite.UI.MVC.csproj", "{47BC989F-58CA-4FD2-AB80-C1B391BD3EC9}"
EndProject
Global
	GlobalSection(SolutionConfigurationPlatforms) = preSolution
		Debug|Any CPU = Debug|Any CPU
		Release|Any CPU = Release|Any CPU
	EndGlobalSection
	GlobalSection(ProjectConfigurationPlatforms) = postSolution
		{47BC989F-58CA-4FD2-AB80-C1B391BD3EC9}.Debug|Any CPU.ActiveCfg = Debug|Any CPU
		{47BC989F-58CA-4FD2-AB80-C1B391BD3EC9}.Debug|Any CPU.Build.0 = Debug|Any CPU
		{47BC989F-58CA-4FD2-AB80-C1B391BD3EC9}.Release|Any CPU.ActiveCfg = Release|Any CPU
		{47BC989F-58CA-4FD2-AB80-C1B391BD3EC9}.Release|Any CPU.Build.0 = Release|Any CPU
	EndGlobalSection
	GlobalSection(SolutionProperties) = preSolution
		HideSolutionNode = FALSE
	EndGlobalSection
	GlobalSection(ExtensibilityGlobals) = postSolution
		SolutionGuid = {CF7C5888-5027-466F-B596-57A5449F5156}
	EndGlobalSection
EndGlobal
